
Microsoft Visual Studio Solution File, Format Version 12.00
# Visual Studio 15
VisualStudioVersion = 15.0.28307.421
MinimumVisualStudioVersion = 10.0.40219.1
Project("{9A19103F-16F7-4668-BE54-9A1E7A4F7556}") = "POCOi", "POCOi.csproj", "{07ADA22E-23AF-437C-AFFA-31B6617B8B74}"
EndProject
Global
	GlobalSection(SolutionConfigurationPlatforms) = preSolution
		Debug|Any CPU = Debug|Any CPU
		Release|Any CPU = Release|Any CPU
	EndGlobalSection
	GlobalSection(ProjectConfigurationPlatforms) = postSolution
		{07ADA22E-23AF-437C-AFFA-31B6617B8B74}.Debug|Any CPU.ActiveCfg = Debug|Any CPU
		{07ADA22E-23AF-437C-AFFA-31B6617B8B74}.Debug|Any CPU.Build.0 = Debug|Any CPU
		{07ADA22E-23AF-437C-AFFA-31B6617B8B74}.Release|Any CPU.ActiveCfg = Release|Any CPU
		{07ADA22E-23AF-437C-AFFA-31B6617B8B74}.Release|Any CPU.Build.0 = Release|Any CPU
	EndGlobalSection
	GlobalSection(SolutionProperties) = preSolution
		HideSolutionNode = FALSE
	EndGlobalSection
	GlobalSection(ExtensibilityGlobals) = postSolution
		SolutionGuid = {0E326DFB-2C35-4490-843F-C3F776C9236C}
	EndGlobalSection
EndGlobal
